
Microsoft Visual Studio Solution File, Format Version 12.00
# Visual Studio Version 17
VisualStudioVersion = 17.5.002.0
MinimumVisualStudioVersion = 10.0.40219.1
Project("{9A19103F-16F7-4668-BE54-9A1E7A4F7556}") = "DesafioPOO", "DesafioPOO.csproj", "{2AD39931-0E10-4C39-900A-EEB827E6F376}"
EndProject
Project("{9A19103F-16F7-4668-BE54-9A1E7A4F7556}") = "trilha-net-poo-desafio", "trilha-net-poo-desafio.csproj", "{FB76DA12-841E-4CCE-A778-FD5834AFBB4F}"
EndProject
Global
	GlobalSection(SolutionConfigurationPlatforms) = preSolution
		Debug|Any CPU = Debug|Any CPU
		Release|Any CPU = Release|Any CPU
	EndGlobalSection
	GlobalSection(ProjectConfigurationPlatforms) = postSolution
		{2AD39931-0E10-4C39-900A-EEB827E6F376}.Debug|Any CPU.ActiveCfg = Debug|Any CPU
		{2AD39931-0E10-4C39-900A-EEB827E6F376}.Debug|Any CPU.Build.0 = Debug|Any CPU
		{2AD39931-0E10-4C39-900A-EEB827E6F376}.Release|Any CPU.ActiveCfg = Release|Any CPU
		{2AD39931-0E10-4C39-900A-EEB827E6F376}.Release|Any CPU.Build.0 = Release|Any CPU
		{FB76DA12-841E-4CCE-A778-FD5834AFBB4F}.Debug|Any CPU.ActiveCfg = Debug|Any CPU
		{FB76DA12-841E-4CCE-A778-FD5834AFBB4F}.Debug|Any CPU.Build.0 = Debug|Any CPU
		{FB76DA12-841E-4CCE-A778-FD5834AFBB4F}.Release|Any CPU.ActiveCfg = Release|Any CPU
		{FB76DA12-841E-4CCE-A778-FD5834AFBB4F}.Release|Any CPU.Build.0 = Release|Any CPU
	EndGlobalSection
	GlobalSection(SolutionProperties) = preSolution
		HideSolutionNode = FALSE
	EndGlobalSection
	GlobalSection(ExtensibilityGlobals) = postSolution
		SolutionGuid = {2901E067-14AA-414C-88B0-81B948B4C47A}
	EndGlobalSection
EndGlobal
